PODS:
  - SideMenuController-Swift4 (0.1.0)

DEPENDENCIES:
  - SideMenuController-Swift4 (from `../`)

EXTERNAL SOURCES:
  SideMenuController-Swift4:
    :path: ../

SPEC CHECKSUMS:
  SideMenuController-Swift4: 311afe8eb9374b2699075c17cbdce255ff54c630

PODFILE CHECKSUM: c603342e4f698b6130e6f5f128f4fb4b582309a3

COCOAPODS: 1.4.0
